{
    "_readme": [
        "This file locks the dependencies of your project to a known state",
        "Read more about it at https://getcomposer.org/doc/01-basic-usage.md#composer-lock-the-lock-file",
        "This file is @generated automatically"
    ],
    "content-hash": "8e8b0627248a269ae9d624bef32e61d6",
    "packages": [
        {
            "name": "gabordemooij/redbean",
            "version": "v4.3.3",
            "source": {
                "type": "git",
                "url": "https://github.com/gabordemooij/redbean.git",
                "reference": "1c7ec69850e9f7966ff7feb87b01d8f43a9753d3"
            },
            "dist": {
                "type": "zip",
                "url": "https://api.github.com/repos/gabordemooij/redbean/zipball/1c7ec69850e9f7966ff7feb87b01d8f43a9753d3",
                "reference": "1c7ec69850e9f7966ff7feb87b01d8f43a9753d3",
                "shasum": ""
            },
            "require": {
                "php": ">=5.3.4"
            },
            "type": "library",
            "autoload": {
                "psr-4": {
                    "RedBeanPHP\\": "RedBeanPHP"
                }
            },
            "notification-url": "https://packagist.org/downloads/",
            "license": [
                "New BSD and GPLv2"
            ],
            "authors": [
                {
                    "name": "Gabor de Mooij",
                    "email": "gabor@redbeanphp.com",
                    "homepage": "http://redbeanphp.com"
                }
            ],
            "description": "RedBeanPHP ORM",
            "homepage": "http://redbeanphp.com/",
            "keywords": [
                "orm"
            ],
            "time": "2016-10-03T21:25:17+00:00"
        },
        {
            "name": "noplanman/xec",
            "version": "v0.1.0",
            "source": {
                "type": "git",
                "url": "https://github.com/noplanman/Xec.git",
                "reference": "2d3fe4e73a722350e7cb7c2fd8967f48d3516593"
            },
            "dist": {
                "type": "zip",
                "url": "https://api.github.com/repos/noplanman/Xec/zipball/2d3fe4e73a722350e7cb7c2fd8967f48d3516593",
                "reference": "2d3fe4e73a722350e7cb7c2fd8967f48d3516593",
                "shasum": ""
            },
            "require": {
                "php": "^7.0"
            },
            "require-dev": {
                "jakub-onderka/php-parallel-lint": "^0.9.2",
                "phpunit/phpunit": "^6.0",
                "squizlabs/php_codesniffer": "^2.8"
            },
            "type": "library",
            "autoload": {
                "psr-4": {
                    "NPM\\Xec\\": "src"
                }
            },
            "notification-url": "https://packagist.org/downloads/",
            "license": [
                "MIT"
            ],
            "authors": [
                {
                    "name": "Armando Lüscher",
                    "email": "armando@noplanman.ch",
                    "homepage": "https://noplanman.ch",
                    "role": "Developer"
                }
            ],
            "description": "Use any command via PHP.",
            "homepage": "http://github.com/noplanman/Xec",
            "keywords": [
                "command",
                "command-line",
                "exec",
                "execute",
                "shell",
                "timeout"
            ],
            "time": "2017-03-12T19:16:23+00:00"
        }
    ],
    "packages-dev": [],
    "aliases": [],
    "minimum-stability": "stable",
    "stability-flags": [],
    "prefer-stable": false,
    "prefer-lowest": false,
    "platform": [],
    "platform-dev": []
}
